
Microsoft Visual Studio Solution File, Format Version 12.00
# Visual Studio Version 17
VisualStudioVersion = 17.7.34009.444
MinimumVisualStudioVersion = 10.0.40219.1
Project("{FAE04EC0-301F-11D3-BF4B-00C04F79EFBC}") = "CAB201 Object Oriented Design and Implementation (v5)", "CAB201 Object Oriented Design and Implementation (v5).csproj", "{52F8E722-6473-4899-8DE6-A30C7ABF3EE0}"
EndProject
Global
	GlobalSection(SolutionConfigurationPlatforms) = preSolution
		Debug|Any CPU = Debug|Any CPU
		Release|Any CPU = Release|Any CPU
	EndGlobalSection
	GlobalSection(ProjectConfigurationPlatforms) = postSolution
		{52F8E722-6473-4899-8DE6-A30C7ABF3EE0}.Debug|Any CPU.ActiveCfg = Debug|Any CPU
		{52F8E722-6473-4899-8DE6-A30C7ABF3EE0}.Debug|Any CPU.Build.0 = Debug|Any CPU
		{52F8E722-6473-4899-8DE6-A30C7ABF3EE0}.Release|Any CPU.ActiveCfg = Release|Any CPU
		{52F8E722-6473-4899-8DE6-A30C7ABF3EE0}.Release|Any CPU.Build.0 = Release|Any CPU
	EndGlobalSection
	GlobalSection(SolutionProperties) = preSolution
		HideSolutionNode = FALSE
	EndGlobalSection
	GlobalSection(ExtensibilityGlobals) = postSolution
		SolutionGuid = {A15D2853-AA80-4DF8-90CC-C2F4444B2D2B}
	EndGlobalSection
EndGlobal
